
Microsoft Visual Studio Solution File, Format Version 12.00
# Visual Studio 2013
VisualStudioVersion = 12.0.40629.0
MinimumVisualStudioVersion = 10.0.40219.1
Project("{FAE04EC0-301F-11D3-BF4B-00C04F79EFBC}") = "DataBindingSampleWF", "DataBindingSampleWF\DataBindingSampleWF.csproj", "{E3EAD3CF-EEE8-4FAF-A0D3-CA443D690007}"
EndProject
Project("{FAE04EC0-301F-11D3-BF4B-00C04F79EFBC}") = "DataBindingSampleWPF", "DataBindingSampleWPF\DataBindingSampleWPF.csproj", "{84C6A18C-0937-4327-BBD9-9D5C7D998D69}"
EndProject
Project("{FAE04EC0-301F-11D3-BF4B-00C04F79EFBC}") = "SampleRepository", "SampleRepository\SampleRepository.csproj", "{040B5F16-963B-428D-9907-097956C18241}"
EndProject
Global
	GlobalSection(SolutionConfigurationPlatforms) = preSolution
		Debug|Any CPU = Debug|Any CPU
		Release|Any CPU = Release|Any CPU
	EndGlobalSection
	GlobalSection(ProjectConfigurationPlatforms) = postSolution
		{E3EAD3CF-EEE8-4FAF-A0D3-CA443D690007}.Debug|Any CPU.ActiveCfg = Debug|Any CPU
		{E3EAD3CF-EEE8-4FAF-A0D3-CA443D690007}.Debug|Any CPU.Build.0 = Debug|Any CPU
		{E3EAD3CF-EEE8-4FAF-A0D3-CA443D690007}.Release|Any CPU.ActiveCfg = Release|Any CPU
		{E3EAD3CF-EEE8-4FAF-A0D3-CA443D690007}.Release|Any CPU.Build.0 = Release|Any CPU
		{84C6A18C-0937-4327-BBD9-9D5C7D998D69}.Debug|Any CPU.ActiveCfg = Debug|Any CPU
		{84C6A18C-0937-4327-BBD9-9D5C7D998D69}.Debug|Any CPU.Build.0 = Debug|Any CPU
		{84C6A18C-0937-4327-BBD9-9D5C7D998D69}.Release|Any CPU.ActiveCfg = Release|Any CPU
		{84C6A18C-0937-4327-BBD9-9D5C7D998D69}.Release|Any CPU.Build.0 = Release|Any CPU
		{040B5F16-963B-428D-9907-097956C18241}.Debug|Any CPU.ActiveCfg = Debug|Any CPU
		{040B5F16-963B-428D-9907-097956C18241}.Debug|Any CPU.Build.0 = Debug|Any CPU
		{040B5F16-963B-428D-9907-097956C18241}.Release|Any CPU.ActiveCfg = Release|Any CPU
		{040B5F16-963B-428D-9907-097956C18241}.Release|Any CPU.Build.0 = Release|Any CPU
	EndGlobalSection
	GlobalSection(SolutionProperties) = preSolution
		HideSolutionNode = FALSE
	EndGlobalSection
EndGlobal
